
Microsoft Visual Studio Solution File, Format Version 12.00
# Visual Studio Version 17
VisualStudioVersion = 17.8.34322.80
MinimumVisualStudioVersion = 10.0.40219.1
Project("{9A19103F-16F7-4668-BE54-9A1E7A4F7556}") = "Day01", "Day01\Day01.csproj", "{96A07A4F-5FE5-444F-AFA8-DEAF912665C6}"
EndProject
Project("{9A19103F-16F7-4668-BE54-9A1E7A4F7556}") = "Day02", "Day02\Day02.csproj", "{9628A31F-6CC7-4346-BFF8-14B4640F2111}"
EndProject
Project("{9A19103F-16F7-4668-BE54-9A1E7A4F7556}") = "Day03", "Day03\Day03.csproj", "{063706C9-36DE-4CC4-9F06-423DDDE4D3A7}"
EndProject
Project("{9A19103F-16F7-4668-BE54-9A1E7A4F7556}") = "Day04", "Day04\Day04.csproj", "{B1432CAB-EFF5-4553-B6AF-AA7BDA544548}"
EndProject
Project("{9A19103F-16F7-4668-BE54-9A1E7A4F7556}") = "Day05", "Day05\Day05.csproj", "{A940086A-0EED-429E-9909-CDD25D2FBC41}"
EndProject
Project("{9A19103F-16F7-4668-BE54-9A1E7A4F7556}") = "Day06", "Day06\Day06.csproj", "{A88FCC87-3405-4323-8941-99D1FAFC09DE}"
EndProject
Project("{9A19103F-16F7-4668-BE54-9A1E7A4F7556}") = "Day07", "Day07\Day07.csproj", "{EEBFCF14-0498-4C43-B49B-F33FD5F872B6}"
EndProject
Project("{9A19103F-16F7-4668-BE54-9A1E7A4F7556}") = "Day08", "Day08\Day08.csproj", "{4FC4B1D2-71B9-43C5-838E-9351609AACE3}"
EndProject
Project("{FAE04EC0-301F-11D3-BF4B-00C04F79EFBC}") = "Day09", "Day09\Day09.csproj", "{162A8A28-4D0E-4A00-8FF7-2139734F23D4}"
EndProject
Global
	GlobalSection(SolutionConfigurationPlatforms) = preSolution
		Debug|Any CPU = Debug|Any CPU
		Release|Any CPU = Release|Any CPU
	EndGlobalSection
	GlobalSection(ProjectConfigurationPlatforms) = postSolution
		{96A07A4F-5FE5-444F-AFA8-DEAF912665C6}.Debug|Any CPU.ActiveCfg = Debug|Any CPU
		{96A07A4F-5FE5-444F-AFA8-DEAF912665C6}.Debug|Any CPU.Build.0 = Debug|Any CPU
		{96A07A4F-5FE5-444F-AFA8-DEAF912665C6}.Release|Any CPU.ActiveCfg = Release|Any CPU
		{96A07A4F-5FE5-444F-AFA8-DEAF912665C6}.Release|Any CPU.Build.0 = Release|Any CPU
		{9628A31F-6CC7-4346-BFF8-14B4640F2111}.Debug|Any CPU.ActiveCfg = Debug|Any CPU
		{9628A31F-6CC7-4346-BFF8-14B4640F2111}.Debug|Any CPU.Build.0 = Debug|Any CPU
		{9628A31F-6CC7-4346-BFF8-14B4640F2111}.Release|Any CPU.ActiveCfg = Release|Any CPU
		{9628A31F-6CC7-4346-BFF8-14B4640F2111}.Release|Any CPU.Build.0 = Release|Any CPU
		{063706C9-36DE-4CC4-9F06-423DDDE4D3A7}.Debug|Any CPU.ActiveCfg = Debug|Any CPU
		{063706C9-36DE-4CC4-9F06-423DDDE4D3A7}.Debug|Any CPU.Build.0 = Debug|Any CPU
		{063706C9-36DE-4CC4-9F06-423DDDE4D3A7}.Release|Any CPU.ActiveCfg = Release|Any CPU
		{063706C9-36DE-4CC4-9F06-423DDDE4D3A7}.Release|Any CPU.Build.0 = Release|Any CPU
		{B1432CAB-EFF5-4553-B6AF-AA7BDA544548}.Debug|Any CPU.ActiveCfg = Debug|Any CPU
		{B1432CAB-EFF5-4553-B6AF-AA7BDA544548}.Debug|Any CPU.Build.0 = Debug|Any CPU
		{B1432CAB-EFF5-4553-B6AF-AA7BDA544548}.Release|Any CPU.ActiveCfg = Release|Any CPU
		{B1432CAB-EFF5-4553-B6AF-AA7BDA544548}.Release|Any CPU.Build.0 = Release|Any CPU
		{A940086A-0EED-429E-9909-CDD25D2FBC41}.Debug|Any CPU.ActiveCfg = Debug|Any CPU
		{A940086A-0EED-429E-9909-CDD25D2FBC41}.Debug|Any CPU.Build.0 = Debug|Any CPU
		{A940086A-0EED-429E-9909-CDD25D2FBC41}.Release|Any CPU.ActiveCfg = Release|Any CPU
		{A940086A-0EED-429E-9909-CDD25D2FBC41}.Release|Any CPU.Build.0 = Release|Any CPU
		{A88FCC87-3405-4323-8941-99D1FAFC09DE}.Debug|Any CPU.ActiveCfg = Debug|Any CPU
		{A88FCC87-3405-4323-8941-99D1FAFC09DE}.Debug|Any CPU.Build.0 = Debug|Any CPU
		{A88FCC87-3405-4323-8941-99D1FAFC09DE}.Release|Any CPU.ActiveCfg = Release|Any CPU
		{A88FCC87-3405-4323-8941-99D1FAFC09DE}.Release|Any CPU.Build.0 = Release|Any CPU
		{EEBFCF14-0498-4C43-B49B-F33FD5F872B6}.Debug|Any CPU.ActiveCfg = Debug|Any CPU
		{EEBFCF14-0498-4C43-B49B-F33FD5F872B6}.Debug|Any CPU.Build.0 = Debug|Any CPU
		{EEBFCF14-0498-4C43-B49B-F33FD5F872B6}.Release|Any CPU.ActiveCfg = Release|Any CPU
		{EEBFCF14-0498-4C43-B49B-F33FD5F872B6}.Release|Any CPU.Build.0 = Release|Any CPU
		{4FC4B1D2-71B9-43C5-838E-9351609AACE3}.Debug|Any CPU.ActiveCfg = Debug|Any CPU
		{4FC4B1D2-71B9-43C5-838E-9351609AACE3}.Debug|Any CPU.Build.0 = Debug|Any CPU
		{4FC4B1D2-71B9-43C5-838E-9351609AACE3}.Release|Any CPU.ActiveCfg = Release|Any CPU
		{4FC4B1D2-71B9-43C5-838E-9351609AACE3}.Release|Any CPU.Build.0 = Release|Any CPU
		{162A8A28-4D0E-4A00-8FF7-2139734F23D4}.Debug|Any CPU.ActiveCfg = Debug|Any CPU
		{162A8A28-4D0E-4A00-8FF7-2139734F23D4}.Debug|Any CPU.Build.0 = Debug|Any CPU
		{162A8A28-4D0E-4A00-8FF7-2139734F23D4}.Release|Any CPU.ActiveCfg = Release|Any CPU
		{162A8A28-4D0E-4A00-8FF7-2139734F23D4}.Release|Any CPU.Build.0 = Release|Any CPU
	EndGlobalSection
	GlobalSection(SolutionProperties) = preSolution
		HideSolutionNode = FALSE
	EndGlobalSection
	GlobalSection(ExtensibilityGlobals) = postSolution
		SolutionGuid = {6304A3B9-82F9-45DA-80FC-06E64626049D}
	EndGlobalSection
EndGlobal
