
Microsoft Visual Studio Solution File, Format Version 12.00
# Visual Studio Version 17
VisualStudioVersion = 17.8.34322.80
MinimumVisualStudioVersion = 10.0.40219.1
Project("{FAE04EC0-301F-11D3-BF4B-00C04F79EFBC}") = "Day01", "Day01\Day01.csproj", "{96A07A4F-5FE5-444F-AFA8-DEAF912665C6}"
EndProject
Project("{FAE04EC0-301F-11D3-BF4B-00C04F79EFBC}") = "Day02", "Day02\Day02.csproj", "{9628A31F-6CC7-4346-BFF8-14B4640F2111}"
EndProject
Project("{FAE04EC0-301F-11D3-BF4B-00C04F79EFBC}") = "Day03", "Day03\Day03.csproj", "{063706C9-36DE-4CC4-9F06-423DDDE4D3A7}"
EndProject
Global
	GlobalSection(SolutionConfigurationPlatforms) = preSolution
		Debug|Any CPU = Debug|Any CPU
		Release|Any CPU = Release|Any CPU
	EndGlobalSection
	GlobalSection(ProjectConfigurationPlatforms) = postSolution
		{96A07A4F-5FE5-444F-AFA8-DEAF912665C6}.Debug|Any CPU.ActiveCfg = Debug|Any CPU
		{96A07A4F-5FE5-444F-AFA8-DEAF912665C6}.Debug|Any CPU.Build.0 = Debug|Any CPU
		{96A07A4F-5FE5-444F-AFA8-DEAF912665C6}.Release|Any CPU.ActiveCfg = Release|Any CPU
		{96A07A4F-5FE5-444F-AFA8-DEAF912665C6}.Release|Any CPU.Build.0 = Release|Any CPU
		{9628A31F-6CC7-4346-BFF8-14B4640F2111}.Debug|Any CPU.ActiveCfg = Debug|Any CPU
		{9628A31F-6CC7-4346-BFF8-14B4640F2111}.Debug|Any CPU.Build.0 = Debug|Any CPU
		{9628A31F-6CC7-4346-BFF8-14B4640F2111}.Release|Any CPU.ActiveCfg = Release|Any CPU
		{9628A31F-6CC7-4346-BFF8-14B4640F2111}.Release|Any CPU.Build.0 = Release|Any CPU
		{063706C9-36DE-4CC4-9F06-423DDDE4D3A7}.Debug|Any CPU.ActiveCfg = Debug|Any CPU
		{063706C9-36DE-4CC4-9F06-423DDDE4D3A7}.Debug|Any CPU.Build.0 = Debug|Any CPU
		{063706C9-36DE-4CC4-9F06-423DDDE4D3A7}.Release|Any CPU.ActiveCfg = Release|Any CPU
		{063706C9-36DE-4CC4-9F06-423DDDE4D3A7}.Release|Any CPU.Build.0 = Release|Any CPU
	EndGlobalSection
	GlobalSection(SolutionProperties) = preSolution
		HideSolutionNode = FALSE
	EndGlobalSection
	GlobalSection(ExtensibilityGlobals) = postSolution
		SolutionGuid = {6304A3B9-82F9-45DA-80FC-06E64626049D}
	EndGlobalSection
EndGlobal
